
Microsoft Visual Studio Solution File, Format Version 12.00
# Visual Studio Version 17
VisualStudioVersion = 17.6.33801.468
MinimumVisualStudioVersion = 10.0.40219.1
Project("{FAE04EC0-301F-11D3-BF4B-00C04F79EFBC}") = "BinomialMethodImplementation", "BinomialMethodImplementation\BinomialMethodImplementation.csproj", "{58C386F1-128F-439B-9309-0D16001D3C93}"
EndProject
Global
	GlobalSection(SolutionConfigurationPlatforms) = preSolution
		Debug|Any CPU = Debug|Any CPU
		Release|Any CPU = Release|Any CPU
	EndGlobalSection
	GlobalSection(ProjectConfigurationPlatforms) = postSolution
		{58C386F1-128F-439B-9309-0D16001D3C93}.Debug|Any CPU.ActiveCfg = Debug|Any CPU
		{58C386F1-128F-439B-9309-0D16001D3C93}.Debug|Any CPU.Build.0 = Debug|Any CPU
		{58C386F1-128F-439B-9309-0D16001D3C93}.Release|Any CPU.ActiveCfg = Release|Any CPU
		{58C386F1-128F-439B-9309-0D16001D3C93}.Release|Any CPU.Build.0 = Release|Any CPU
	EndGlobalSection
	GlobalSection(SolutionProperties) = preSolution
		HideSolutionNode = FALSE
	EndGlobalSection
	GlobalSection(ExtensibilityGlobals) = postSolution
		SolutionGuid = {D831242B-CAA9-40E2-B94B-CF8D83329D2F}
	EndGlobalSection
EndGlobal
